
Microsoft Visual Studio Solution File, Format Version 12.00
# Visual Studio Version 17
VisualStudioVersion = 17.0.32014.148
MinimumVisualStudioVersion = 10.0.40219.1
Project("{2150E333-8FDC-42A3-9474-1A3956D46DE8}") = "Presentation", "Presentation", "{6649A372-D756-48B5-B8F9-6ACB44893488}"
EndProject
Project("{2150E333-8FDC-42A3-9474-1A3956D46DE8}") = "Microservices", "Microservices", "{80DD31B1-B197-46D1-B736-671E5BD0522C}"
EndProject
Project("{2150E333-8FDC-42A3-9474-1A3956D46DE8}") = "ChatBot", "ChatBot", "{4F8F4821-73F1-4364-A90C-AAFDF1870091}"
EndProject
Project("{9A19103F-16F7-4668-BE54-9A1E7A4F7556}") = "FinancialChatApp.Presentation", "FinancialChatApp.Presentation\FinancialChatApp.Presentation.csproj", "{F242567D-DD8B-4912-8C0E-7AB35332A105}"
EndProject
Project("{2150E333-8FDC-42A3-9474-1A3956D46DE8}") = "Messenger", "Messenger", "{ACD3DA97-38A3-4FA9-9AFE-7D7D2F79CFE0}"
EndProject
Project("{2150E333-8FDC-42A3-9474-1A3956D46DE8}") = "Api", "Api", "{2B82CFCB-C823-4E46-8E68-4DE2E8DAE892}"
EndProject
Project("{2150E333-8FDC-42A3-9474-1A3956D46DE8}") = "Application", "Application", "{A141C9E2-7BE8-42B1-B18D-804A5A7C3B2E}"
EndProject
Project("{2150E333-8FDC-42A3-9474-1A3956D46DE8}") = "Data", "Data", "{47BD6583-AB77-48C4-95B4-6FD48B32411E}"
EndProject
Project("{2150E333-8FDC-42A3-9474-1A3956D46DE8}") = "Domain", "Domain", "{258E7533-E2BA-4D7C-A0F7-E36A1A2D37D2}"
EndProject
Project("{9A19103F-16F7-4668-BE54-9A1E7A4F7556}") = "FinancialChatApp.ChatBot.Api", "FinancialChatApp.ChatBot\FinancialChatApp.ChatBot.Api.csproj", "{CDF38214-50F5-4176-96B0-13CDA83AC8CA}"
EndProject
Project("{9A19103F-16F7-4668-BE54-9A1E7A4F7556}") = "FinancialChatApp.ChatBot.Application", "FinancialChatApp.ChatBot.Application\FinancialChatApp.ChatBot.Application.csproj", "{43787EAA-9E5A-4CA0-B583-2CBBB91687DC}"
EndProject
Project("{9A19103F-16F7-4668-BE54-9A1E7A4F7556}") = "FinancialChatApp.ChatBot.Data", "FinancialChatApp.CHatBot.Data\FinancialChatApp.ChatBot.Data.csproj", "{3CBF6891-BE44-424C-BDAA-4D4D76BCACB9}"
EndProject
Project("{9A19103F-16F7-4668-BE54-9A1E7A4F7556}") = "FinancialChatApp.ChatBot.Domain", "FinancialChatApp.ChatBot.Domain\FinancialChatApp.ChatBot.Domain.csproj", "{E2F3E13C-6E85-4D42-A869-13FD9C7D23B3}"
EndProject
Project("{2150E333-8FDC-42A3-9474-1A3956D46DE8}") = "InfraStructure", "InfraStructure", "{92A8F817-675B-4E23-ACB4-6DE8ACEBC8E4}"
EndProject
Project("{2150E333-8FDC-42A3-9474-1A3956D46DE8}") = "IoC", "IoC", "{79192825-8D1C-46F5-B56C-7297B3624805}"
EndProject
Project("{2150E333-8FDC-42A3-9474-1A3956D46DE8}") = "Bus", "Bus", "{15BD7A13-BA7B-46DF-9A41-231022C4C007}"
EndProject
Project("{9A19103F-16F7-4668-BE54-9A1E7A4F7556}") = "FinancialChatApp.ChatBot.Infra.Bus", "FinancialChatApp.ChatBot.Infra.Bus\FinancialChatApp.ChatBot.Infra.Bus.csproj", "{0E29D6EC-6545-4079-99CD-3DF6F15CE020}"
EndProject
Project("{9A19103F-16F7-4668-BE54-9A1E7A4F7556}") = "FinancialChatApp.ChatBot.Infra.IoC", "FinancialChatApp.ChatBot.Infra.IoC\FinancialChatApp.ChatBot.Infra.IoC.csproj", "{47D66A98-B8E0-43D4-8909-E867EB462114}"
EndProject
Project("{2150E333-8FDC-42A3-9474-1A3956D46DE8}") = "Api", "Api", "{4FE8D881-AAA0-4CDA-9D8D-9F79357D8CD3}"
EndProject
Project("{2150E333-8FDC-42A3-9474-1A3956D46DE8}") = "Application", "Application", "{9E26812B-FCA8-4A92-9BAB-705A394460A9}"
EndProject
Project("{2150E333-8FDC-42A3-9474-1A3956D46DE8}") = "Data", "Data", "{A582DD74-017A-4287-B387-44CD04ABFB7E}"
EndProject
Project("{2150E333-8FDC-42A3-9474-1A3956D46DE8}") = "Domain", "Domain", "{DFF825A2-4FC3-4D43-9E16-FB8AE5968313}"
EndProject
Project("{2150E333-8FDC-42A3-9474-1A3956D46DE8}") = "Infrastructure", "Infrastructure", "{92348295-6BFC-45EC-AA90-E418BC99284E}"
EndProject
Project("{FAE04EC0-301F-11D3-BF4B-00C04F79EFBC}") = "FinancialChatApp.Messenger.Api", "FinancialChatApp.Messenger.Api\FinancialChatApp.Messenger.Api.csproj", "{509B6622-B372-43D9-A438-FC737D3476C5}"
EndProject
Project("{FAE04EC0-301F-11D3-BF4B-00C04F79EFBC}") = "FinancialChatApp.Messenger.Application", "FinancialChatApp.Messenger.Application\FinancialChatApp.Messenger.Application.csproj", "{FE73A18D-C8B4-489A-BAB2-5A96EC37FA85}"
EndProject
Project("{FAE04EC0-301F-11D3-BF4B-00C04F79EFBC}") = "FinancialChatApp.Messenger.Data", "FinancialChatApp.Messenger.Data\FinancialChatApp.Messenger.Data.csproj", "{DEA98B6C-932E-42A5-B858-08717264BBB7}"
EndProject
Project("{FAE04EC0-301F-11D3-BF4B-00C04F79EFBC}") = "FinancialChatApp.Messenger.Domain", "FinancialChatApp.Messenger.Domain\FinancialChatApp.Messenger.Domain.csproj", "{9D952F12-59BC-45EA-937D-75A5D07A7497}"
EndProject
Project("{2150E333-8FDC-42A3-9474-1A3956D46DE8}") = "Bus", "Bus", "{2FF1BB33-E1BC-46CD-BA38-8D87DC067A88}"
EndProject
Project("{2150E333-8FDC-42A3-9474-1A3956D46DE8}") = "IoC", "IoC", "{6DCF1C87-2405-4653-96BE-CA81744C9CFF}"
EndProject
Project("{FAE04EC0-301F-11D3-BF4B-00C04F79EFBC}") = "FinancialChatApp.Messenger.Infra.Bus", "FinancialChatApp.Messenger.Infra.Bus\FinancialChatApp.Messenger.Infra.Bus.csproj", "{CFF603A3-0B97-4964-AD4E-130E79808D7F}"
EndProject
Project("{FAE04EC0-301F-11D3-BF4B-00C04F79EFBC}") = "FinancialChatApp.Messenger.Infra.IoC", "FinancialChatApp.Messenger.Infra.IoC\FinancialChatApp.Messenger.Infra.IoC.csproj", "{B8D35D66-35A6-4CAF-B14A-D13D6C24296F}"
EndProject
Global
	GlobalSection(SolutionConfigurationPlatforms) = preSolution
		Debug|Any CPU = Debug|Any CPU
		Release|Any CPU = Release|Any CPU
	EndGlobalSection
	GlobalSection(ProjectConfigurationPlatforms) = postSolution
		{F242567D-DD8B-4912-8C0E-7AB35332A105}.Debug|Any CPU.ActiveCfg = Debug|Any CPU
		{F242567D-DD8B-4912-8C0E-7AB35332A105}.Debug|Any CPU.Build.0 = Debug|Any CPU
		{F242567D-DD8B-4912-8C0E-7AB35332A105}.Release|Any CPU.ActiveCfg = Release|Any CPU
		{F242567D-DD8B-4912-8C0E-7AB35332A105}.Release|Any CPU.Build.0 = Release|Any CPU
		{CDF38214-50F5-4176-96B0-13CDA83AC8CA}.Debug|Any CPU.ActiveCfg = Debug|Any CPU
		{CDF38214-50F5-4176-96B0-13CDA83AC8CA}.Debug|Any CPU.Build.0 = Debug|Any CPU
		{CDF38214-50F5-4176-96B0-13CDA83AC8CA}.Release|Any CPU.ActiveCfg = Release|Any CPU
		{CDF38214-50F5-4176-96B0-13CDA83AC8CA}.Release|Any CPU.Build.0 = Release|Any CPU
		{43787EAA-9E5A-4CA0-B583-2CBBB91687DC}.Debug|Any CPU.ActiveCfg = Debug|Any CPU
		{43787EAA-9E5A-4CA0-B583-2CBBB91687DC}.Debug|Any CPU.Build.0 = Debug|Any CPU
		{43787EAA-9E5A-4CA0-B583-2CBBB91687DC}.Release|Any CPU.ActiveCfg = Release|Any CPU
		{43787EAA-9E5A-4CA0-B583-2CBBB91687DC}.Release|Any CPU.Build.0 = Release|Any CPU
		{3CBF6891-BE44-424C-BDAA-4D4D76BCACB9}.Debug|Any CPU.ActiveCfg = Debug|Any CPU
		{3CBF6891-BE44-424C-BDAA-4D4D76BCACB9}.Debug|Any CPU.Build.0 = Debug|Any CPU
		{3CBF6891-BE44-424C-BDAA-4D4D76BCACB9}.Release|Any CPU.ActiveCfg = Release|Any CPU
		{3CBF6891-BE44-424C-BDAA-4D4D76BCACB9}.Release|Any CPU.Build.0 = Release|Any CPU
		{E2F3E13C-6E85-4D42-A869-13FD9C7D23B3}.Debug|Any CPU.ActiveCfg = Debug|Any CPU
		{E2F3E13C-6E85-4D42-A869-13FD9C7D23B3}.Debug|Any CPU.Build.0 = Debug|Any CPU
		{E2F3E13C-6E85-4D42-A869-13FD9C7D23B3}.Release|Any CPU.ActiveCfg = Release|Any CPU
		{E2F3E13C-6E85-4D42-A869-13FD9C7D23B3}.Release|Any CPU.Build.0 = Release|Any CPU
		{0E29D6EC-6545-4079-99CD-3DF6F15CE020}.Debug|Any CPU.ActiveCfg = Debug|Any CPU
		{0E29D6EC-6545-4079-99CD-3DF6F15CE020}.Debug|Any CPU.Build.0 = Debug|Any CPU
		{0E29D6EC-6545-4079-99CD-3DF6F15CE020}.Release|Any CPU.ActiveCfg = Release|Any CPU
		{0E29D6EC-6545-4079-99CD-3DF6F15CE020}.Release|Any CPU.Build.0 = Release|Any CPU
		{47D66A98-B8E0-43D4-8909-E867EB462114}.Debug|Any CPU.ActiveCfg = Debug|Any CPU
		{47D66A98-B8E0-43D4-8909-E867EB462114}.Debug|Any CPU.Build.0 = Debug|Any CPU
		{47D66A98-B8E0-43D4-8909-E867EB462114}.Release|Any CPU.ActiveCfg = Release|Any CPU
		{47D66A98-B8E0-43D4-8909-E867EB462114}.Release|Any CPU.Build.0 = Release|Any CPU
		{509B6622-B372-43D9-A438-FC737D3476C5}.Debug|Any CPU.ActiveCfg = Debug|Any CPU
		{509B6622-B372-43D9-A438-FC737D3476C5}.Debug|Any CPU.Build.0 = Debug|Any CPU
		{509B6622-B372-43D9-A438-FC737D3476C5}.Release|Any CPU.ActiveCfg = Release|Any CPU
		{509B6622-B372-43D9-A438-FC737D3476C5}.Release|Any CPU.Build.0 = Release|Any CPU
		{FE73A18D-C8B4-489A-BAB2-5A96EC37FA85}.Debug|Any CPU.ActiveCfg = Debug|Any CPU
		{FE73A18D-C8B4-489A-BAB2-5A96EC37FA85}.Debug|Any CPU.Build.0 = Debug|Any CPU
		{FE73A18D-C8B4-489A-BAB2-5A96EC37FA85}.Release|Any CPU.ActiveCfg = Release|Any CPU
		{FE73A18D-C8B4-489A-BAB2-5A96EC37FA85}.Release|Any CPU.Build.0 = Release|Any CPU
		{DEA98B6C-932E-42A5-B858-08717264BBB7}.Debug|Any CPU.ActiveCfg = Debug|Any CPU
		{DEA98B6C-932E-42A5-B858-08717264BBB7}.Debug|Any CPU.Build.0 = Debug|Any CPU
		{DEA98B6C-932E-42A5-B858-08717264BBB7}.Release|Any CPU.ActiveCfg = Release|Any CPU
		{DEA98B6C-932E-42A5-B858-08717264BBB7}.Release|Any CPU.Build.0 = Release|Any CPU
		{9D952F12-59BC-45EA-937D-75A5D07A7497}.Debug|Any CPU.ActiveCfg = Debug|Any CPU
		{9D952F12-59BC-45EA-937D-75A5D07A7497}.Debug|Any CPU.Build.0 = Debug|Any CPU
		{9D952F12-59BC-45EA-937D-75A5D07A7497}.Release|Any CPU.ActiveCfg = Release|Any CPU
		{9D952F12-59BC-45EA-937D-75A5D07A7497}.Release|Any CPU.Build.0 = Release|Any CPU
		{CFF603A3-0B97-4964-AD4E-130E79808D7F}.Debug|Any CPU.ActiveCfg = Debug|Any CPU
		{CFF603A3-0B97-4964-AD4E-130E79808D7F}.Debug|Any CPU.Build.0 = Debug|Any CPU
		{CFF603A3-0B97-4964-AD4E-130E79808D7F}.Release|Any CPU.ActiveCfg = Release|Any CPU
		{CFF603A3-0B97-4964-AD4E-130E79808D7F}.Release|Any CPU.Build.0 = Release|Any CPU
		{B8D35D66-35A6-4CAF-B14A-D13D6C24296F}.Debug|Any CPU.ActiveCfg = Debug|Any CPU
		{B8D35D66-35A6-4CAF-B14A-D13D6C24296F}.Debug|Any CPU.Build.0 = Debug|Any CPU
		{B8D35D66-35A6-4CAF-B14A-D13D6C24296F}.Release|Any CPU.ActiveCfg = Release|Any CPU
		{B8D35D66-35A6-4CAF-B14A-D13D6C24296F}.Release|Any CPU.Build.0 = Release|Any CPU
	EndGlobalSection
	GlobalSection(SolutionProperties) = preSolution
		HideSolutionNode = FALSE
	EndGlobalSection
	GlobalSection(NestedProjects) = preSolution
		{4F8F4821-73F1-4364-A90C-AAFDF1870091} = {80DD31B1-B197-46D1-B736-671E5BD0522C}
		{F242567D-DD8B-4912-8C0E-7AB35332A105} = {6649A372-D756-48B5-B8F9-6ACB44893488}
		{ACD3DA97-38A3-4FA9-9AFE-7D7D2F79CFE0} = {80DD31B1-B197-46D1-B736-671E5BD0522C}
		{2B82CFCB-C823-4E46-8E68-4DE2E8DAE892} = {4F8F4821-73F1-4364-A90C-AAFDF1870091}
		{A141C9E2-7BE8-42B1-B18D-804A5A7C3B2E} = {4F8F4821-73F1-4364-A90C-AAFDF1870091}
		{47BD6583-AB77-48C4-95B4-6FD48B32411E} = {4F8F4821-73F1-4364-A90C-AAFDF1870091}
		{258E7533-E2BA-4D7C-A0F7-E36A1A2D37D2} = {4F8F4821-73F1-4364-A90C-AAFDF1870091}
		{CDF38214-50F5-4176-96B0-13CDA83AC8CA} = {2B82CFCB-C823-4E46-8E68-4DE2E8DAE892}
		{43787EAA-9E5A-4CA0-B583-2CBBB91687DC} = {A141C9E2-7BE8-42B1-B18D-804A5A7C3B2E}
		{3CBF6891-BE44-424C-BDAA-4D4D76BCACB9} = {47BD6583-AB77-48C4-95B4-6FD48B32411E}
		{E2F3E13C-6E85-4D42-A869-13FD9C7D23B3} = {258E7533-E2BA-4D7C-A0F7-E36A1A2D37D2}
		{92A8F817-675B-4E23-ACB4-6DE8ACEBC8E4} = {4F8F4821-73F1-4364-A90C-AAFDF1870091}
		{79192825-8D1C-46F5-B56C-7297B3624805} = {92A8F817-675B-4E23-ACB4-6DE8ACEBC8E4}
		{15BD7A13-BA7B-46DF-9A41-231022C4C007} = {92A8F817-675B-4E23-ACB4-6DE8ACEBC8E4}
		{0E29D6EC-6545-4079-99CD-3DF6F15CE020} = {15BD7A13-BA7B-46DF-9A41-231022C4C007}
		{47D66A98-B8E0-43D4-8909-E867EB462114} = {79192825-8D1C-46F5-B56C-7297B3624805}
		{4FE8D881-AAA0-4CDA-9D8D-9F79357D8CD3} = {ACD3DA97-38A3-4FA9-9AFE-7D7D2F79CFE0}
		{9E26812B-FCA8-4A92-9BAB-705A394460A9} = {ACD3DA97-38A3-4FA9-9AFE-7D7D2F79CFE0}
		{A582DD74-017A-4287-B387-44CD04ABFB7E} = {ACD3DA97-38A3-4FA9-9AFE-7D7D2F79CFE0}
		{DFF825A2-4FC3-4D43-9E16-FB8AE5968313} = {ACD3DA97-38A3-4FA9-9AFE-7D7D2F79CFE0}
		{92348295-6BFC-45EC-AA90-E418BC99284E} = {ACD3DA97-38A3-4FA9-9AFE-7D7D2F79CFE0}
		{509B6622-B372-43D9-A438-FC737D3476C5} = {4FE8D881-AAA0-4CDA-9D8D-9F79357D8CD3}
		{FE73A18D-C8B4-489A-BAB2-5A96EC37FA85} = {9E26812B-FCA8-4A92-9BAB-705A394460A9}
		{DEA98B6C-932E-42A5-B858-08717264BBB7} = {A582DD74-017A-4287-B387-44CD04ABFB7E}
		{9D952F12-59BC-45EA-937D-75A5D07A7497} = {DFF825A2-4FC3-4D43-9E16-FB8AE5968313}
		{2FF1BB33-E1BC-46CD-BA38-8D87DC067A88} = {92348295-6BFC-45EC-AA90-E418BC99284E}
		{6DCF1C87-2405-4653-96BE-CA81744C9CFF} = {92348295-6BFC-45EC-AA90-E418BC99284E}
		{CFF603A3-0B97-4964-AD4E-130E79808D7F} = {2FF1BB33-E1BC-46CD-BA38-8D87DC067A88}
		{B8D35D66-35A6-4CAF-B14A-D13D6C24296F} = {6DCF1C87-2405-4653-96BE-CA81744C9CFF}
	EndGlobalSection
	GlobalSection(ExtensibilityGlobals) = postSolution
		SolutionGuid = {231E5AD9-F5F5-4AA2-80A5-A251E5E42A5B}
	EndGlobalSection
EndGlobal
